
Microsoft Visual Studio Solution File, Format Version 12.00
# Visual Studio Version 16
VisualStudioVersion = 16.0.30523.141
MinimumVisualStudioVersion = 10.0.40219.1
Project("{FAE04EC0-301F-11D3-BF4B-00C04F79EFBC}") = "Community_ASP.NET", "Community_ASP.NET\Community_ASP.NET.csproj", "{78CBAE8A-4BFC-47A1-B290-1F9C84F3090E}"
EndProject
Global
	GlobalSection(SolutionConfigurationPlatforms) = preSolution
		Debug|Any CPU = Debug|Any CPU
		Release|Any CPU = Release|Any CPU
	EndGlobalSection
	GlobalSection(ProjectConfigurationPlatforms) = postSolution
		{78CBAE8A-4BFC-47A1-B290-1F9C84F3090E}.Debug|Any CPU.ActiveCfg = Debug|Any CPU
		{78CBAE8A-4BFC-47A1-B290-1F9C84F3090E}.Debug|Any CPU.Build.0 = Debug|Any CPU
		{78CBAE8A-4BFC-47A1-B290-1F9C84F3090E}.Release|Any CPU.ActiveCfg = Release|Any CPU
		{78CBAE8A-4BFC-47A1-B290-1F9C84F3090E}.Release|Any CPU.Build.0 = Release|Any CPU
	EndGlobalSection
	GlobalSection(SolutionProperties) = preSolution
		HideSolutionNode = FALSE
	EndGlobalSection
	GlobalSection(ExtensibilityGlobals) = postSolution
		SolutionGuid = {A25CA8FB-8B11-4F0B-9081-2F19F67BBB48}
	EndGlobalSection
EndGlobal
